
Microsoft Visual Studio Solution File, Format Version 12.00
# Visual Studio Version 17
VisualStudioVersion = 17.14.36616.10 d17.14
MinimumVisualStudioVersion = 10.0.40219.1
Project("{FAE04EC0-301F-11D3-BF4B-00C04F79EFBC}") = "RigCore", "RigCore\RigCore.csproj", "{605D6FFB-A236-45A2-AD44-C0A3BFCB1AF6}"
EndProject
Project("{FAE04EC0-301F-11D3-BF4B-00C04F79EFBC}") = "RigInfrastructure", "RigInfrastructure\RigInfrastructure.csproj", "{8D72FBD8-113A-4C41-B83C-803C46A84CF1}"
EndProject
Project("{FAE04EC0-301F-11D3-BF4B-00C04F79EFBC}") = "RigConsole", "RigConsole\RigConsole.csproj", "{4F772EBD-87CD-49B3-BA45-51B7A17F1084}"
EndProject
Global
	GlobalSection(SolutionConfigurationPlatforms) = preSolution
		Debug|Any CPU = Debug|Any CPU
		Release|Any CPU = Release|Any CPU
	EndGlobalSection
	GlobalSection(ProjectConfigurationPlatforms) = postSolution
		{605D6FFB-A236-45A2-AD44-C0A3BFCB1AF6}.Debug|Any CPU.ActiveCfg = Debug|Any CPU
		{605D6FFB-A236-45A2-AD44-C0A3BFCB1AF6}.Debug|Any CPU.Build.0 = Debug|Any CPU
		{605D6FFB-A236-45A2-AD44-C0A3BFCB1AF6}.Release|Any CPU.ActiveCfg = Release|Any CPU
		{605D6FFB-A236-45A2-AD44-C0A3BFCB1AF6}.Release|Any CPU.Build.0 = Release|Any CPU
		{8D72FBD8-113A-4C41-B83C-803C46A84CF1}.Debug|Any CPU.ActiveCfg = Debug|Any CPU
		{8D72FBD8-113A-4C41-B83C-803C46A84CF1}.Debug|Any CPU.Build.0 = Debug|Any CPU
		{8D72FBD8-113A-4C41-B83C-803C46A84CF1}.Release|Any CPU.ActiveCfg = Release|Any CPU
		{8D72FBD8-113A-4C41-B83C-803C46A84CF1}.Release|Any CPU.Build.0 = Release|Any CPU
		{4F772EBD-87CD-49B3-BA45-51B7A17F1084}.Debug|Any CPU.ActiveCfg = Debug|Any CPU
		{4F772EBD-87CD-49B3-BA45-51B7A17F1084}.Debug|Any CPU.Build.0 = Debug|Any CPU
		{4F772EBD-87CD-49B3-BA45-51B7A17F1084}.Release|Any CPU.ActiveCfg = Release|Any CPU
		{4F772EBD-87CD-49B3-BA45-51B7A17F1084}.Release|Any CPU.Build.0 = Release|Any CPU
	EndGlobalSection
	GlobalSection(SolutionProperties) = preSolution
		HideSolutionNode = FALSE
	EndGlobalSection
	GlobalSection(ExtensibilityGlobals) = postSolution
		SolutionGuid = {08F56079-B236-4D49-815C-7A18A4A65F56}
	EndGlobalSection
EndGlobal
